# Состав для РАЗРАБОТКИ И ТЕСТОВ = прод + инструменты (этап 4 п.4.1).
#
#   pip install -r requirements-dev.lock
#   pip install --no-deps .
#
# Прод-часть подключается строкой ниже, а не копируется: два списка одних и тех
# же пакетов разъехались бы, и тесты шли бы не на том составе, что прод.

-r requirements.lock

# ── Инструменты (в прод-образ не попадают) ──
iniconfig==2.3.0
packaging==26.2
pluggy==1.6.0
Pygments==2.20.0
pytest==9.0.3
pytest-asyncio==1.4.0
ruff==0.15.15
